
Microsoft Visual Studio Solution File, Format Version 12.00
# Visual Studio Version 17
VisualStudioVersion = 17.3.32901.215
MinimumVisualStudioVersion = 10.0.40219.1
Project("{FAE04EC0-301F-11D3-BF4B-00C04F79EFBC}") = "Weather.API", "Weather.API\Weather.API.csproj", "{856302B0-C392-4AE3-A5AD-A5D978CDDDCB}"
EndProject
Global
	GlobalSection(SolutionConfigurationPlatforms) = preSolution
		Debug|Any CPU = Debug|Any CPU
		Release|Any CPU = Release|Any CPU
	EndGlobalSection
	GlobalSection(ProjectConfigurationPlatforms) = postSolution
		{856302B0-C392-4AE3-A5AD-A5D978CDDDCB}.Debug|Any CPU.ActiveCfg = Debug|Any CPU
		{856302B0-C392-4AE3-A5AD-A5D978CDDDCB}.Debug|Any CPU.Build.0 = Debug|Any CPU
		{856302B0-C392-4AE3-A5AD-A5D978CDDDCB}.Release|Any CPU.ActiveCfg = Release|Any CPU
		{856302B0-C392-4AE3-A5AD-A5D978CDDDCB}.Release|Any CPU.Build.0 = Release|Any CPU
	EndGlobalSection
	GlobalSection(SolutionProperties) = preSolution
		HideSolutionNode = FALSE
	EndGlobalSection
	GlobalSection(ExtensibilityGlobals) = postSolution
		SolutionGuid = {11D74EE6-0A04-40E2-9510-0CEC401FB6C0}
	EndGlobalSection
EndGlobal
